
Microsoft Visual Studio Solution File, Format Version 12.00
# Visual Studio Version 16
VisualStudioVersion = 16.0.30621.155
MinimumVisualStudioVersion = 10.0.40219.1
Project("{FAE04EC0-301F-11D3-BF4B-00C04F79EFBC}") = "filocofy", "filocofy\filocofy.csproj", "{E3FDB3B1-E30A-4BD3-B4DF-9A4AC7A23887}"
EndProject
Global
	GlobalSection(SolutionConfigurationPlatforms) = preSolution
		Debug|Any CPU = Debug|Any CPU
		Release|Any CPU = Release|Any CPU
	EndGlobalSection
	GlobalSection(ProjectConfigurationPlatforms) = postSolution
		{E3FDB3B1-E30A-4BD3-B4DF-9A4AC7A23887}.Debug|Any CPU.ActiveCfg = Debug|Any CPU
		{E3FDB3B1-E30A-4BD3-B4DF-9A4AC7A23887}.Debug|Any CPU.Build.0 = Debug|Any CPU
		{E3FDB3B1-E30A-4BD3-B4DF-9A4AC7A23887}.Release|Any CPU.ActiveCfg = Release|Any CPU
		{E3FDB3B1-E30A-4BD3-B4DF-9A4AC7A23887}.Release|Any CPU.Build.0 = Release|Any CPU
	EndGlobalSection
	GlobalSection(SolutionProperties) = preSolution
		HideSolutionNode = FALSE
	EndGlobalSection
	GlobalSection(ExtensibilityGlobals) = postSolution
		SolutionGuid = {5B374EF8-97BD-4867-B731-BA604782F872}
	EndGlobalSection
EndGlobal
